
Microsoft Visual Studio Solution File, Format Version 12.00
# Visual Studio 14
VisualStudioVersion = 14.0.25123.0
MinimumVisualStudioVersion = 10.0.40219.1
Project("{2150E333-8FDC-42A3-9474-1A3956D46DE8}") = "Solution Items", "Solution Items", "{CF418619-7942-4E44-A625-192FEA532693}"
	ProjectSection(SolutionItems) = preProject
		Enkoni.Framework.ruleset = Enkoni.Framework.ruleset
		Enkoni.Framework.snk = Enkoni.Framework.snk
		Enkoni.Framework.vsmdi = Enkoni.Framework.vsmdi
		LoadTests.testsettings = LoadTests.testsettings
		local.runsettings = local.runsettings
		Local.testsettings = Local.testsettings
		ReleaseNotes.xml = ReleaseNotes.xml
		ReleaseNotes.xsd = ReleaseNotes.xsd
		ReleaseNotes.xsl = ReleaseNotes.xsl
		Settings.StyleCop = Settings.StyleCop
		SolutionInfo.cs = SolutionInfo.cs
		TraceAndTestImpact.testsettings = TraceAndTestImpact.testsettings
	EndProjectSection
EndProject
Project("{2150E333-8FDC-42A3-9474-1A3956D46DE8}") = ".nuget", ".nuget", "{4AE85DC3-3117-47DA-B4CB-D21714AB9A1C}"
	ProjectSection(SolutionItems) = preProject
		.nuget\NuGet.Config = .nuget\NuGet.Config
		.nuget\NuGet.exe = .nuget\NuGet.exe
		.nuget\NuGet.targets = .nuget\NuGet.targets
	EndProjectSection
EndProject
Project("{FAE04EC0-301F-11D3-BF4B-00C04F79EFBC}") = "Enkoni.Framework", "Enkoni.Framework\Enkoni.Framework.csproj", "{849BA8BA-A061-4278-85BD-90910680462E}"
EndProject
Project("{FAE04EC0-301F-11D3-BF4B-00C04F79EFBC}") = "Enkoni.Framework.DataAnnotations", "Enkoni.Framework.DataAnnotations\Enkoni.Framework.DataAnnotations.csproj", "{23122F9D-28EF-4C31-BD42-833DE3DD1013}"
EndProject
Project("{FAE04EC0-301F-11D3-BF4B-00C04F79EFBC}") = "Enkoni.Framework.Entities", "Enkoni.Framework.Entities\Enkoni.Framework.Entities.csproj", "{26D1BDC7-B2E8-4351-AD6B-5441F292320A}"
EndProject
Project("{FAE04EC0-301F-11D3-BF4B-00C04F79EFBC}") = "Enkoni.Framework.Entities.Database", "Enkoni.Framework.Entities.Database\Enkoni.Framework.Entities.Database.csproj", "{A3E70A0C-9C06-4283-94E2-2665FFCA529F}"
EndProject
Project("{FAE04EC0-301F-11D3-BF4B-00C04F79EFBC}") = "Enkoni.Framework.Entities.File", "Enkoni.Framework.Entities.File\Enkoni.Framework.Entities.File.csproj", "{8EE52C76-0EAE-498E-8854-0447A703F667}"
EndProject
Project("{FAE04EC0-301F-11D3-BF4B-00C04F79EFBC}") = "Enkoni.Framework.Entities.Service", "Enkoni.Framework.Entities.Service\Enkoni.Framework.Entities.Service.csproj", "{32E9425C-EB1C-4989-B9DB-23AEB9BFA748}"
EndProject
Project("{FAE04EC0-301F-11D3-BF4B-00C04F79EFBC}") = "Enkoni.Framework.Logging", "Enkoni.Framework.Logging\Enkoni.Framework.Logging.csproj", "{693634C2-8378-4716-B7C2-07903422C06F}"
EndProject
Project("{FAE04EC0-301F-11D3-BF4B-00C04F79EFBC}") = "Enkoni.Framework.ServiceModel", "Enkoni.Framework.ServiceModel\Enkoni.Framework.ServiceModel.csproj", "{364CAFCC-BB2B-4F31-AA7E-26562918664D}"
EndProject
Project("{FAE04EC0-301F-11D3-BF4B-00C04F79EFBC}") = "Enkoni.Framework.Testing", "Enkoni.Framework.Testing\Enkoni.Framework.Testing.csproj", "{D674CCFA-3D37-4BE7-AED7-C11EE72C0E92}"
EndProject
Project("{FAE04EC0-301F-11D3-BF4B-00C04F79EFBC}") = "Enkoni.Framework.UI", "Enkoni.Framework.UI\Enkoni.Framework.UI.csproj", "{CDEFFA77-DC94-49FD-82E5-5729DB3B983F}"
EndProject
Project("{FAE04EC0-301F-11D3-BF4B-00C04F79EFBC}") = "Enkoni.Framework.Validation", "Enkoni.Framework.Validation\Enkoni.Framework.Validation.csproj", "{B9A458EF-9C12-4CCE-83B2-B759BF92F3F7}"
EndProject
Project("{FAE04EC0-301F-11D3-BF4B-00C04F79EFBC}") = "Enkoni.Framework.Web", "Enkoni.Framework.Web\Enkoni.Framework.Web.csproj", "{BD4B35DD-8010-4B7B-B061-D38830FAC24A}"
EndProject
Project("{2150E333-8FDC-42A3-9474-1A3956D46DE8}") = "Supporting projects", "Supporting projects", "{95F42AAD-D535-48F7-A42C-FB80D8283CEF}"
EndProject
Project("{FAE04EC0-301F-11D3-BF4B-00C04F79EFBC}") = "RegexBuilder", "Supporting projects\RegexBuilder\RegexBuilder.csproj", "{CE3EBED3-6155-4BFF-B69A-8262A5371464}"
EndProject
Project("{2150E333-8FDC-42A3-9474-1A3956D46DE8}") = "Test", "Test", "{CA8AB7FC-D23A-4461-88CA-657C417AD4E8}"
EndProject
Project("{FAE04EC0-301F-11D3-BF4B-00C04F79EFBC}") = "Enkoni.Framework.Entities.Tests", "Test\Enkoni.Framework.Entities.Tests\Enkoni.Framework.Entities.Tests.csproj", "{AC6B8CF0-972F-4F08-AA20-6490D18955F9}"
EndProject
Project("{FAE04EC0-301F-11D3-BF4B-00C04F79EFBC}") = "Enkoni.Framework.ServiceModel.Tests", "Test\Enkoni.Framework.ServiceModel.Tests\Enkoni.Framework.ServiceModel.Tests.csproj", "{D881FA92-4FE1-43FF-B412-FD48BC1BDD78}"
EndProject
Project("{FAE04EC0-301F-11D3-BF4B-00C04F79EFBC}") = "Enkoni.Framework.Tests", "Test\Enkoni.Framework.Tests\Enkoni.Framework.Tests.csproj", "{62E779EB-4AC3-4210-8E34-3C45B6FA0329}"
EndProject
Project("{FAE04EC0-301F-11D3-BF4B-00C04F79EFBC}") = "Enkoni.Framework.Tests.Addition", "Test\Enkoni.Framework.Tests.Addition\Enkoni.Framework.Tests.Addition.csproj", "{B62FDD33-5C74-483A-B34E-70B6B084F330}"
EndProject
Project("{FAE04EC0-301F-11D3-BF4B-00C04F79EFBC}") = "Enkoni.Framework.Tests.Common", "Test\Enkoni.Framework.Tests.Common\Enkoni.Framework.Tests.Common.csproj", "{8532A56C-54B1-4C2F-9DA2-62F570F42BA2}"
EndProject
Project("{FAE04EC0-301F-11D3-BF4B-00C04F79EFBC}") = "Enkoni.Framework.UI.Tests", "Test\Enkoni.Framework.UI.Tests\Enkoni.Framework.UI.Tests.csproj", "{83A56D44-A6C6-4613-AB15-336D046F2A1B}"
EndProject
Project("{FAE04EC0-301F-11D3-BF4B-00C04F79EFBC}") = "Enkoni.Framework.Validation.Tests", "Test\Enkoni.Framework.Validation.Tests\Enkoni.Framework.Validation.Tests.csproj", "{0DD5B931-0066-4EF4-8196-4CA91C5BF95D}"
EndProject
Project("{FAE04EC0-301F-11D3-BF4B-00C04F79EFBC}") = "Enkoni.Framework.Web.Tests", "Test\Enkoni.Framework.Web.Tests\Enkoni.Framework.Web.Tests.csproj", "{B7741800-9BC8-4805-92C2-C9EFE61521C6}"
EndProject
Project("{FAE04EC0-301F-11D3-BF4B-00C04F79EFBC}") = "Enkoni.Framework.DataAnnotations.Tests", "Test\Enkoni.Framework.DataAnnotations.Tests\Enkoni.Framework.DataAnnotations.Tests.csproj", "{7FE8D5DE-3758-4F07-BD43-28324D87538E}"
EndProject
Project("{2150E333-8FDC-42A3-9474-1A3956D46DE8}") = "LoadTest", "LoadTest", "{27909F13-6E89-440B-832A-513838262B98}"
EndProject
Project("{FAE04EC0-301F-11D3-BF4B-00C04F79EFBC}") = "Enkoni.Framework.LoadTests", "LoadTest\Enkoni.Framework.LoadTests\Enkoni.Framework.LoadTests.csproj", "{1F419682-2E46-48C4-8A91-2B9F8B58DB75}"
EndProject
Project("{FAE04EC0-301F-11D3-BF4B-00C04F79EFBC}") = "Enkoni.Framework.Entities.LoadTests", "LoadTest\Enkoni.Framework.Entities.LoadTests\Enkoni.Framework.Entities.LoadTests.csproj", "{026371D2-B13C-43C4-A84D-73278DB15C2F}"
EndProject
Project("{FAE04EC0-301F-11D3-BF4B-00C04F79EFBC}") = "Enkoni.Framework.Logging.Tests", "Test\Enkoni.Framework.Logging.Tests\Enkoni.Framework.Logging.Tests.csproj", "{4CC8DAA2-6F48-410C-92E4-7245D60ABC0D}"
EndProject
Project("{FAE04EC0-301F-11D3-BF4B-00C04F79EFBC}") = "Enkoni.Framework.Testing.Tests", "Test\Enkoni.Framework.Testing.Tests\Enkoni.Framework.Testing.Tests.csproj", "{10267045-A0A2-402E-9CA9-9F5F4BEA5DD0}"
EndProject
Project("{FAE04EC0-301F-11D3-BF4B-00C04F79EFBC}") = "Enkoni.Framework.DataAnnotations.Client", "Enkoni.Framework.DataAnnotations.Client\Enkoni.Framework.DataAnnotations.Client.csproj", "{28789A6D-B3EB-4661-BAA4-569D7ABE7BDB}"
EndProject
Project("{00D1A9C2-B5F0-4AF3-8072-F6C62B433612}") = "Enkoni.Framework.DataAnnotations.Tests.Database", "Test\Enkoni.Framework.DataAnnotations.Tests.Database\Enkoni.Framework.DataAnnotations.Tests.Database.sqlproj", "{C16ED4D2-E085-43FF-9E6B-C84BD01AF0FB}"
EndProject
Project("{00D1A9C2-B5F0-4AF3-8072-F6C62B433612}") = "Enkoni.Framework.Validation.Tests.Database", "Test\Enkoni.Framework.Validation.Tests.Database\Enkoni.Framework.Validation.Tests.Database.sqlproj", "{EDB537D4-0D88-492E-9F6A-3A6AAC9D11B5}"
EndProject
Global
	GlobalSection(SolutionConfigurationPlatforms) = preSolution
		Debug|Any CPU = Debug|Any CPU
		Release|Any CPU = Release|Any CPU
	EndGlobalSection
	GlobalSection(ProjectConfigurationPlatforms) = postSolution
		{849BA8BA-A061-4278-85BD-90910680462E}.Debug|Any CPU.ActiveCfg = Debug|Any CPU
		{849BA8BA-A061-4278-85BD-90910680462E}.Debug|Any CPU.Build.0 = Debug|Any CPU
		{849BA8BA-A061-4278-85BD-90910680462E}.Release|Any CPU.ActiveCfg = Release|Any CPU
		{849BA8BA-A061-4278-85BD-90910680462E}.Release|Any CPU.Build.0 = Release|Any CPU
		{23122F9D-28EF-4C31-BD42-833DE3DD1013}.Debug|Any CPU.ActiveCfg = Debug|Any CPU
		{23122F9D-28EF-4C31-BD42-833DE3DD1013}.Debug|Any CPU.Build.0 = Debug|Any CPU
		{23122F9D-28EF-4C31-BD42-833DE3DD1013}.Release|Any CPU.ActiveCfg = Release|Any CPU
		{23122F9D-28EF-4C31-BD42-833DE3DD1013}.Release|Any CPU.Build.0 = Release|Any CPU
		{26D1BDC7-B2E8-4351-AD6B-5441F292320A}.Debug|Any CPU.ActiveCfg = Debug|Any CPU
		{26D1BDC7-B2E8-4351-AD6B-5441F292320A}.Debug|Any CPU.Build.0 = Debug|Any CPU
		{26D1BDC7-B2E8-4351-AD6B-5441F292320A}.Release|Any CPU.ActiveCfg = Release|Any CPU
		{26D1BDC7-B2E8-4351-AD6B-5441F292320A}.Release|Any CPU.Build.0 = Release|Any CPU
		{A3E70A0C-9C06-4283-94E2-2665FFCA529F}.Debug|Any CPU.ActiveCfg = Debug|Any CPU
		{A3E70A0C-9C06-4283-94E2-2665FFCA529F}.Debug|Any CPU.Build.0 = Debug|Any CPU
		{A3E70A0C-9C06-4283-94E2-2665FFCA529F}.Release|Any CPU.ActiveCfg = Release|Any CPU
		{A3E70A0C-9C06-4283-94E2-2665FFCA529F}.Release|Any CPU.Build.0 = Release|Any CPU
		{8EE52C76-0EAE-498E-8854-0447A703F667}.Debug|Any CPU.ActiveCfg = Debug|Any CPU
		{8EE52C76-0EAE-498E-8854-0447A703F667}.Debug|Any CPU.Build.0 = Debug|Any CPU
		{8EE52C76-0EAE-498E-8854-0447A703F667}.Release|Any CPU.ActiveCfg = Release|Any CPU
		{8EE52C76-0EAE-498E-8854-0447A703F667}.Release|Any CPU.Build.0 = Release|Any CPU
		{32E9425C-EB1C-4989-B9DB-23AEB9BFA748}.Debug|Any CPU.ActiveCfg = Debug|Any CPU
		{32E9425C-EB1C-4989-B9DB-23AEB9BFA748}.Debug|Any CPU.Build.0 = Debug|Any CPU
		{32E9425C-EB1C-4989-B9DB-23AEB9BFA748}.Release|Any CPU.ActiveCfg = Release|Any CPU
		{32E9425C-EB1C-4989-B9DB-23AEB9BFA748}.Release|Any CPU.Build.0 = Release|Any CPU
		{693634C2-8378-4716-B7C2-07903422C06F}.Debug|Any CPU.ActiveCfg = Debug|Any CPU
		{693634C2-8378-4716-B7C2-07903422C06F}.Debug|Any CPU.Build.0 = Debug|Any CPU
		{693634C2-8378-4716-B7C2-07903422C06F}.Release|Any CPU.ActiveCfg = Release|Any CPU
		{693634C2-8378-4716-B7C2-07903422C06F}.Release|Any CPU.Build.0 = Release|Any CPU
		{364CAFCC-BB2B-4F31-AA7E-26562918664D}.Debug|Any CPU.ActiveCfg = Debug|Any CPU
		{364CAFCC-BB2B-4F31-AA7E-26562918664D}.Debug|Any CPU.Build.0 = Debug|Any CPU
		{364CAFCC-BB2B-4F31-AA7E-26562918664D}.Release|Any CPU.ActiveCfg = Release|Any CPU
		{364CAFCC-BB2B-4F31-AA7E-26562918664D}.Release|Any CPU.Build.0 = Release|Any CPU
		{D674CCFA-3D37-4BE7-AED7-C11EE72C0E92}.Debug|Any CPU.ActiveCfg = Debug|Any CPU
		{D674CCFA-3D37-4BE7-AED7-C11EE72C0E92}.Debug|Any CPU.Build.0 = Debug|Any CPU
		{D674CCFA-3D37-4BE7-AED7-C11EE72C0E92}.Release|Any CPU.ActiveCfg = Release|Any CPU
		{D674CCFA-3D37-4BE7-AED7-C11EE72C0E92}.Release|Any CPU.Build.0 = Release|Any CPU
		{CDEFFA77-DC94-49FD-82E5-5729DB3B983F}.Debug|Any CPU.ActiveCfg = Debug|Any CPU
		{CDEFFA77-DC94-49FD-82E5-5729DB3B983F}.Debug|Any CPU.Build.0 = Debug|Any CPU
		{CDEFFA77-DC94-49FD-82E5-5729DB3B983F}.Release|Any CPU.ActiveCfg = Release|Any CPU
		{CDEFFA77-DC94-49FD-82E5-5729DB3B983F}.Release|Any CPU.Build.0 = Release|Any CPU
		{B9A458EF-9C12-4CCE-83B2-B759BF92F3F7}.Debug|Any CPU.ActiveCfg = Debug|Any CPU
		{B9A458EF-9C12-4CCE-83B2-B759BF92F3F7}.Debug|Any CPU.Build.0 = Debug|Any CPU
		{B9A458EF-9C12-4CCE-83B2-B759BF92F3F7}.Release|Any CPU.ActiveCfg = Release|Any CPU
		{B9A458EF-9C12-4CCE-83B2-B759BF92F3F7}.Release|Any CPU.Build.0 = Release|Any CPU
		{BD4B35DD-8010-4B7B-B061-D38830FAC24A}.Debug|Any CPU.ActiveCfg = Debug|Any CPU
		{BD4B35DD-8010-4B7B-B061-D38830FAC24A}.Debug|Any CPU.Build.0 = Debug|Any CPU
		{BD4B35DD-8010-4B7B-B061-D38830FAC24A}.Release|Any CPU.ActiveCfg = Release|Any CPU
		{BD4B35DD-8010-4B7B-B061-D38830FAC24A}.Release|Any CPU.Build.0 = Release|Any CPU
		{CE3EBED3-6155-4BFF-B69A-8262A5371464}.Debug|Any CPU.ActiveCfg = Debug|Any CPU
		{CE3EBED3-6155-4BFF-B69A-8262A5371464}.Debug|Any CPU.Build.0 = Debug|Any CPU
		{CE3EBED3-6155-4BFF-B69A-8262A5371464}.Release|Any CPU.ActiveCfg = Release|Any CPU
		{CE3EBED3-6155-4BFF-B69A-8262A5371464}.Release|Any CPU.Build.0 = Release|Any CPU
		{AC6B8CF0-972F-4F08-AA20-6490D18955F9}.Debug|Any CPU.ActiveCfg = Debug|Any CPU
		{AC6B8CF0-972F-4F08-AA20-6490D18955F9}.Debug|Any CPU.Build.0 = Debug|Any CPU
		{AC6B8CF0-972F-4F08-AA20-6490D18955F9}.Release|Any CPU.ActiveCfg = Release|Any CPU
		{AC6B8CF0-972F-4F08-AA20-6490D18955F9}.Release|Any CPU.Build.0 = Release|Any CPU
		{D881FA92-4FE1-43FF-B412-FD48BC1BDD78}.Debug|Any CPU.ActiveCfg = Debug|Any CPU
		{D881FA92-4FE1-43FF-B412-FD48BC1BDD78}.Debug|Any CPU.Build.0 = Debug|Any CPU
		{D881FA92-4FE1-43FF-B412-FD48BC1BDD78}.Release|Any CPU.ActiveCfg = Release|Any CPU
		{D881FA92-4FE1-43FF-B412-FD48BC1BDD78}.Release|Any CPU.Build.0 = Release|Any CPU
		{62E779EB-4AC3-4210-8E34-3C45B6FA0329}.Debug|Any CPU.ActiveCfg = Debug|Any CPU
		{62E779EB-4AC3-4210-8E34-3C45B6FA0329}.Debug|Any CPU.Build.0 = Debug|Any CPU
		{62E779EB-4AC3-4210-8E34-3C45B6FA0329}.Release|Any CPU.ActiveCfg = Release|Any CPU
		{62E779EB-4AC3-4210-8E34-3C45B6FA0329}.Release|Any CPU.Build.0 = Release|Any CPU
		{B62FDD33-5C74-483A-B34E-70B6B084F330}.Debug|Any CPU.ActiveCfg = Debug|Any CPU
		{B62FDD33-5C74-483A-B34E-70B6B084F330}.Debug|Any CPU.Build.0 = Debug|Any CPU
		{B62FDD33-5C74-483A-B34E-70B6B084F330}.Release|Any CPU.ActiveCfg = Release|Any CPU
		{B62FDD33-5C74-483A-B34E-70B6B084F330}.Release|Any CPU.Build.0 = Release|Any CPU
		{8532A56C-54B1-4C2F-9DA2-62F570F42BA2}.Debug|Any CPU.ActiveCfg = Debug|Any CPU
		{8532A56C-54B1-4C2F-9DA2-62F570F42BA2}.Debug|Any CPU.Build.0 = Debug|Any CPU
		{8532A56C-54B1-4C2F-9DA2-62F570F42BA2}.Release|Any CPU.ActiveCfg = Release|Any CPU
		{8532A56C-54B1-4C2F-9DA2-62F570F42BA2}.Release|Any CPU.Build.0 = Release|Any CPU
		{83A56D44-A6C6-4613-AB15-336D046F2A1B}.Debug|Any CPU.ActiveCfg = Debug|Any CPU
		{83A56D44-A6C6-4613-AB15-336D046F2A1B}.Debug|Any CPU.Build.0 = Debug|Any CPU
		{83A56D44-A6C6-4613-AB15-336D046F2A1B}.Release|Any CPU.ActiveCfg = Release|Any CPU
		{83A56D44-A6C6-4613-AB15-336D046F2A1B}.Release|Any CPU.Build.0 = Release|Any CPU
		{0DD5B931-0066-4EF4-8196-4CA91C5BF95D}.Debug|Any CPU.ActiveCfg = Debug|Any CPU
		{0DD5B931-0066-4EF4-8196-4CA91C5BF95D}.Debug|Any CPU.Build.0 = Debug|Any CPU
		{0DD5B931-0066-4EF4-8196-4CA91C5BF95D}.Release|Any CPU.ActiveCfg = Release|Any CPU
		{0DD5B931-0066-4EF4-8196-4CA91C5BF95D}.Release|Any CPU.Build.0 = Release|Any CPU
		{B7741800-9BC8-4805-92C2-C9EFE61521C6}.Debug|Any CPU.ActiveCfg = Debug|Any CPU
		{B7741800-9BC8-4805-92C2-C9EFE61521C6}.Debug|Any CPU.Build.0 = Debug|Any CPU
		{B7741800-9BC8-4805-92C2-C9EFE61521C6}.Release|Any CPU.ActiveCfg = Release|Any CPU
		{B7741800-9BC8-4805-92C2-C9EFE61521C6}.Release|Any CPU.Build.0 = Release|Any CPU
		{7FE8D5DE-3758-4F07-BD43-28324D87538E}.Debug|Any CPU.ActiveCfg = Debug|Any CPU
		{7FE8D5DE-3758-4F07-BD43-28324D87538E}.Debug|Any CPU.Build.0 = Debug|Any CPU
		{7FE8D5DE-3758-4F07-BD43-28324D87538E}.Release|Any CPU.ActiveCfg = Release|Any CPU
		{7FE8D5DE-3758-4F07-BD43-28324D87538E}.Release|Any CPU.Build.0 = Release|Any CPU
		{1F419682-2E46-48C4-8A91-2B9F8B58DB75}.Debug|Any CPU.ActiveCfg = Debug|Any CPU
		{1F419682-2E46-48C4-8A91-2B9F8B58DB75}.Debug|Any CPU.Build.0 = Debug|Any CPU
		{1F419682-2E46-48C4-8A91-2B9F8B58DB75}.Release|Any CPU.ActiveCfg = Release|Any CPU
		{1F419682-2E46-48C4-8A91-2B9F8B58DB75}.Release|Any CPU.Build.0 = Release|Any CPU
		{026371D2-B13C-43C4-A84D-73278DB15C2F}.Debug|Any CPU.ActiveCfg = Debug|Any CPU
		{026371D2-B13C-43C4-A84D-73278DB15C2F}.Debug|Any CPU.Build.0 = Debug|Any CPU
		{026371D2-B13C-43C4-A84D-73278DB15C2F}.Release|Any CPU.ActiveCfg = Release|Any CPU
		{026371D2-B13C-43C4-A84D-73278DB15C2F}.Release|Any CPU.Build.0 = Release|Any CPU
		{4CC8DAA2-6F48-410C-92E4-7245D60ABC0D}.Debug|Any CPU.ActiveCfg = Debug|Any CPU
		{4CC8DAA2-6F48-410C-92E4-7245D60ABC0D}.Debug|Any CPU.Build.0 = Debug|Any CPU
		{4CC8DAA2-6F48-410C-92E4-7245D60ABC0D}.Release|Any CPU.ActiveCfg = Release|Any CPU
		{4CC8DAA2-6F48-410C-92E4-7245D60ABC0D}.Release|Any CPU.Build.0 = Release|Any CPU
		{10267045-A0A2-402E-9CA9-9F5F4BEA5DD0}.Debug|Any CPU.ActiveCfg = Debug|Any CPU
		{10267045-A0A2-402E-9CA9-9F5F4BEA5DD0}.Debug|Any CPU.Build.0 = Debug|Any CPU
		{10267045-A0A2-402E-9CA9-9F5F4BEA5DD0}.Release|Any CPU.ActiveCfg = Release|Any CPU
		{10267045-A0A2-402E-9CA9-9F5F4BEA5DD0}.Release|Any CPU.Build.0 = Release|Any CPU
		{28789A6D-B3EB-4661-BAA4-569D7ABE7BDB}.Debug|Any CPU.ActiveCfg = Debug|Any CPU
		{28789A6D-B3EB-4661-BAA4-569D7ABE7BDB}.Debug|Any CPU.Build.0 = Debug|Any CPU
		{28789A6D-B3EB-4661-BAA4-569D7ABE7BDB}.Release|Any CPU.ActiveCfg = Release|Any CPU
		{28789A6D-B3EB-4661-BAA4-569D7ABE7BDB}.Release|Any CPU.Build.0 = Release|Any CPU
		{C16ED4D2-E085-43FF-9E6B-C84BD01AF0FB}.Debug|Any CPU.ActiveCfg = Debug|Any CPU
		{C16ED4D2-E085-43FF-9E6B-C84BD01AF0FB}.Debug|Any CPU.Build.0 = Debug|Any CPU
		{C16ED4D2-E085-43FF-9E6B-C84BD01AF0FB}.Debug|Any CPU.Deploy.0 = Debug|Any CPU
		{C16ED4D2-E085-43FF-9E6B-C84BD01AF0FB}.Release|Any CPU.ActiveCfg = Release|Any CPU
		{C16ED4D2-E085-43FF-9E6B-C84BD01AF0FB}.Release|Any CPU.Build.0 = Release|Any CPU
		{C16ED4D2-E085-43FF-9E6B-C84BD01AF0FB}.Release|Any CPU.Deploy.0 = Release|Any CPU
		{EDB537D4-0D88-492E-9F6A-3A6AAC9D11B5}.Debug|Any CPU.ActiveCfg = Debug|Any CPU
		{EDB537D4-0D88-492E-9F6A-3A6AAC9D11B5}.Debug|Any CPU.Build.0 = Debug|Any CPU
		{EDB537D4-0D88-492E-9F6A-3A6AAC9D11B5}.Debug|Any CPU.Deploy.0 = Debug|Any CPU
		{EDB537D4-0D88-492E-9F6A-3A6AAC9D11B5}.Release|Any CPU.ActiveCfg = Release|Any CPU
		{EDB537D4-0D88-492E-9F6A-3A6AAC9D11B5}.Release|Any CPU.Build.0 = Release|Any CPU
		{EDB537D4-0D88-492E-9F6A-3A6AAC9D11B5}.Release|Any CPU.Deploy.0 = Release|Any CPU
	EndGlobalSection
	GlobalSection(SolutionProperties) = preSolution
		HideSolutionNode = FALSE
	EndGlobalSection
	GlobalSection(NestedProjects) = preSolution
		{CE3EBED3-6155-4BFF-B69A-8262A5371464} = {95F42AAD-D535-48F7-A42C-FB80D8283CEF}
		{AC6B8CF0-972F-4F08-AA20-6490D18955F9} = {CA8AB7FC-D23A-4461-88CA-657C417AD4E8}
		{D881FA92-4FE1-43FF-B412-FD48BC1BDD78} = {CA8AB7FC-D23A-4461-88CA-657C417AD4E8}
		{62E779EB-4AC3-4210-8E34-3C45B6FA0329} = {CA8AB7FC-D23A-4461-88CA-657C417AD4E8}
		{B62FDD33-5C74-483A-B34E-70B6B084F330} = {CA8AB7FC-D23A-4461-88CA-657C417AD4E8}
		{8532A56C-54B1-4C2F-9DA2-62F570F42BA2} = {CA8AB7FC-D23A-4461-88CA-657C417AD4E8}
		{83A56D44-A6C6-4613-AB15-336D046F2A1B} = {CA8AB7FC-D23A-4461-88CA-657C417AD4E8}
		{0DD5B931-0066-4EF4-8196-4CA91C5BF95D} = {CA8AB7FC-D23A-4461-88CA-657C417AD4E8}
		{B7741800-9BC8-4805-92C2-C9EFE61521C6} = {CA8AB7FC-D23A-4461-88CA-657C417AD4E8}
		{7FE8D5DE-3758-4F07-BD43-28324D87538E} = {CA8AB7FC-D23A-4461-88CA-657C417AD4E8}
		{1F419682-2E46-48C4-8A91-2B9F8B58DB75} = {27909F13-6E89-440B-832A-513838262B98}
		{026371D2-B13C-43C4-A84D-73278DB15C2F} = {27909F13-6E89-440B-832A-513838262B98}
		{4CC8DAA2-6F48-410C-92E4-7245D60ABC0D} = {CA8AB7FC-D23A-4461-88CA-657C417AD4E8}
		{10267045-A0A2-402E-9CA9-9F5F4BEA5DD0} = {CA8AB7FC-D23A-4461-88CA-657C417AD4E8}
		{C16ED4D2-E085-43FF-9E6B-C84BD01AF0FB} = {CA8AB7FC-D23A-4461-88CA-657C417AD4E8}
		{EDB537D4-0D88-492E-9F6A-3A6AAC9D11B5} = {CA8AB7FC-D23A-4461-88CA-657C417AD4E8}
	EndGlobalSection
	GlobalSection(ExtensibilityGlobals) = postSolution
		EnterpriseLibraryConfigurationToolBinariesPath = packages\Unity.2.1.505.0\lib\NET35;packages\Unity.Interception.2.1.505.0\lib\NET35;packages\EnterpriseLibrary.Common.5.0.505.0\lib\NET35;packages\EnterpriseLibrary.Logging.5.0.505.1\lib\NET35
	EndGlobalSection
	GlobalSection(TestCaseManagementSettings) = postSolution
		CategoryFile = Enkoni.Framework.vsmdi
	EndGlobalSection
EndGlobal
