
Microsoft Visual Studio Solution File, Format Version 11.00
# Visual Studio 2010
Project("{2150E333-8FDC-42A3-9474-1A3956D46DE8}") = "Solution Items", "Solution Items", "{CF418619-7942-4E44-A625-192FEA532693}"
	ProjectSection(SolutionItems) = preProject
		Local.testsettings = Local.testsettings
		Enkoni.Framework.pfx = Enkoni.Framework.pfx
		Enkoni.Framework.vsmdi = Enkoni.Framework.vsmdi
		Release Notes.txt = Release Notes.txt
		Settings.StyleCop = Settings.StyleCop
		SolutionInfo.cs = SolutionInfo.cs
		TraceAndTestImpact.testsettings = TraceAndTestImpact.testsettings
	EndProjectSection
EndProject
Project("{2150E333-8FDC-42A3-9474-1A3956D46DE8}") = "External Libraries", "External Libraries", "{C81ED175-3CEA-4396-9774-A255353474A0}"
	ProjectSection(SolutionItems) = preProject
		External Libraries\EntityFramework.dll = External Libraries\EntityFramework.dll
		External Libraries\EntityFramework.xml = External Libraries\EntityFramework.xml
		External Libraries\Microsoft.Practices.EnterpriseLibrary.Common.dll = External Libraries\Microsoft.Practices.EnterpriseLibrary.Common.dll
		External Libraries\Microsoft.Practices.EnterpriseLibrary.Common.xml = External Libraries\Microsoft.Practices.EnterpriseLibrary.Common.xml
		External Libraries\Microsoft.Practices.EnterpriseLibrary.Validation.dll = External Libraries\Microsoft.Practices.EnterpriseLibrary.Validation.dll
		External Libraries\Microsoft.Practices.EnterpriseLibrary.Validation.xml = External Libraries\Microsoft.Practices.EnterpriseLibrary.Validation.xml
	EndProjectSection
EndProject
Project("{FAE04EC0-301F-11D3-BF4B-00C04F79EFBC}") = "OscarBrouwer.Framework", "OscarBrouwer.Framework\OscarBrouwer.Framework.csproj", "{849BA8BA-A061-4278-85BD-90910680462E}"
EndProject
Project("{FAE04EC0-301F-11D3-BF4B-00C04F79EFBC}") = "OscarBrouwer.Framework.Entities", "OscarBrouwer.Framework.Entities\OscarBrouwer.Framework.Entities.csproj", "{26D1BDC7-B2E8-4351-AD6B-5441F292320A}"
EndProject
Project("{FAE04EC0-301F-11D3-BF4B-00C04F79EFBC}") = "OscarBrouwer.Framework.ServiceModel", "OscarBrouwer.Framework.ServiceModel\OscarBrouwer.Framework.ServiceModel.csproj", "{364CAFCC-BB2B-4F31-AA7E-26562918664D}"
EndProject
Project("{FAE04EC0-301F-11D3-BF4B-00C04F79EFBC}") = "OscarBrouwer.Framework.Testing", "OscarBrouwer.Framework.Testing\OscarBrouwer.Framework.Testing.csproj", "{D674CCFA-3D37-4BE7-AED7-C11EE72C0E92}"
EndProject
Project("{FAE04EC0-301F-11D3-BF4B-00C04F79EFBC}") = "OscarBrouwer.Framework.Validation", "OscarBrouwer.Framework.Validation\OscarBrouwer.Framework.Validation.csproj", "{B9A458EF-9C12-4CCE-83B2-B759BF92F3F7}"
EndProject
Project("{2150E333-8FDC-42A3-9474-1A3956D46DE8}") = "Test", "Test", "{CA8AB7FC-D23A-4461-88CA-657C417AD4E8}"
EndProject
Project("{FAE04EC0-301F-11D3-BF4B-00C04F79EFBC}") = "Enkoni.Framework.Tests", "Test\Enkoni.Framework.Tests\Enkoni.Framework.Tests.csproj", "{62E779EB-4AC3-4210-8E34-3C45B6FA0329}"
EndProject
Project("{FAE04EC0-301F-11D3-BF4B-00C04F79EFBC}") = "Enkoni.Framework.Entities.Tests", "Test\OscarBrouwer.Framework.Entities.Tests\Enkoni.Framework.Entities.Tests.csproj", "{AC6B8CF0-972F-4F08-AA20-6490D18955F9}"
EndProject
Project("{FAE04EC0-301F-11D3-BF4B-00C04F79EFBC}") = "Enkoni.Framework.Validation.Tests", "Test\OscarBrouwer.Framework.Validation.Tests\Enkoni.Framework.Validation.Tests.csproj", "{0DD5B931-0066-4EF4-8196-4CA91C5BF95D}"
EndProject
Global
	GlobalSection(TestCaseManagementSettings) = postSolution
		CategoryFile = Enkoni.Framework.vsmdi
	EndGlobalSection
	GlobalSection(SolutionConfigurationPlatforms) = preSolution
		Debug|Any CPU = Debug|Any CPU
		Debug|Mixed Platforms = Debug|Mixed Platforms
		Debug|x86 = Debug|x86
		Public Release|Any CPU = Public Release|Any CPU
		Public Release|Mixed Platforms = Public Release|Mixed Platforms
		Public Release|x86 = Public Release|x86
		Release|Any CPU = Release|Any CPU
		Release|Mixed Platforms = Release|Mixed Platforms
		Release|x86 = Release|x86
	EndGlobalSection
	GlobalSection(ProjectConfigurationPlatforms) = postSolution
		{849BA8BA-A061-4278-85BD-90910680462E}.Debug|Any CPU.ActiveCfg = Debug|Any CPU
		{849BA8BA-A061-4278-85BD-90910680462E}.Debug|Any CPU.Build.0 = Debug|Any CPU
		{849BA8BA-A061-4278-85BD-90910680462E}.Debug|Mixed Platforms.ActiveCfg = Debug|Any CPU
		{849BA8BA-A061-4278-85BD-90910680462E}.Debug|Mixed Platforms.Build.0 = Debug|Any CPU
		{849BA8BA-A061-4278-85BD-90910680462E}.Debug|x86.ActiveCfg = Debug|Any CPU
		{849BA8BA-A061-4278-85BD-90910680462E}.Public Release|Any CPU.ActiveCfg = Release|Any CPU
		{849BA8BA-A061-4278-85BD-90910680462E}.Public Release|Any CPU.Build.0 = Release|Any CPU
		{849BA8BA-A061-4278-85BD-90910680462E}.Public Release|Mixed Platforms.ActiveCfg = Release|Any CPU
		{849BA8BA-A061-4278-85BD-90910680462E}.Public Release|Mixed Platforms.Build.0 = Release|Any CPU
		{849BA8BA-A061-4278-85BD-90910680462E}.Public Release|x86.ActiveCfg = Release|Any CPU
		{849BA8BA-A061-4278-85BD-90910680462E}.Release|Any CPU.ActiveCfg = Release|Any CPU
		{849BA8BA-A061-4278-85BD-90910680462E}.Release|Any CPU.Build.0 = Release|Any CPU
		{849BA8BA-A061-4278-85BD-90910680462E}.Release|Mixed Platforms.ActiveCfg = Release|Any CPU
		{849BA8BA-A061-4278-85BD-90910680462E}.Release|Mixed Platforms.Build.0 = Release|Any CPU
		{849BA8BA-A061-4278-85BD-90910680462E}.Release|x86.ActiveCfg = Release|Any CPU
		{364CAFCC-BB2B-4F31-AA7E-26562918664D}.Debug|Any CPU.ActiveCfg = Debug|Any CPU
		{364CAFCC-BB2B-4F31-AA7E-26562918664D}.Debug|Any CPU.Build.0 = Debug|Any CPU
		{364CAFCC-BB2B-4F31-AA7E-26562918664D}.Debug|Mixed Platforms.ActiveCfg = Debug|Any CPU
		{364CAFCC-BB2B-4F31-AA7E-26562918664D}.Debug|Mixed Platforms.Build.0 = Debug|Any CPU
		{364CAFCC-BB2B-4F31-AA7E-26562918664D}.Debug|x86.ActiveCfg = Debug|Any CPU
		{364CAFCC-BB2B-4F31-AA7E-26562918664D}.Public Release|Any CPU.ActiveCfg = Release|Any CPU
		{364CAFCC-BB2B-4F31-AA7E-26562918664D}.Public Release|Any CPU.Build.0 = Release|Any CPU
		{364CAFCC-BB2B-4F31-AA7E-26562918664D}.Public Release|Mixed Platforms.ActiveCfg = Release|Any CPU
		{364CAFCC-BB2B-4F31-AA7E-26562918664D}.Public Release|Mixed Platforms.Build.0 = Release|Any CPU
		{364CAFCC-BB2B-4F31-AA7E-26562918664D}.Public Release|x86.ActiveCfg = Release|Any CPU
		{364CAFCC-BB2B-4F31-AA7E-26562918664D}.Release|Any CPU.ActiveCfg = Release|Any CPU
		{364CAFCC-BB2B-4F31-AA7E-26562918664D}.Release|Any CPU.Build.0 = Release|Any CPU
		{364CAFCC-BB2B-4F31-AA7E-26562918664D}.Release|Mixed Platforms.ActiveCfg = Release|Any CPU
		{364CAFCC-BB2B-4F31-AA7E-26562918664D}.Release|Mixed Platforms.Build.0 = Release|Any CPU
		{364CAFCC-BB2B-4F31-AA7E-26562918664D}.Release|x86.ActiveCfg = Release|Any CPU
		{26D1BDC7-B2E8-4351-AD6B-5441F292320A}.Debug|Any CPU.ActiveCfg = Debug|Any CPU
		{26D1BDC7-B2E8-4351-AD6B-5441F292320A}.Debug|Any CPU.Build.0 = Debug|Any CPU
		{26D1BDC7-B2E8-4351-AD6B-5441F292320A}.Debug|Mixed Platforms.ActiveCfg = Debug|Any CPU
		{26D1BDC7-B2E8-4351-AD6B-5441F292320A}.Debug|Mixed Platforms.Build.0 = Debug|Any CPU
		{26D1BDC7-B2E8-4351-AD6B-5441F292320A}.Debug|x86.ActiveCfg = Debug|Any CPU
		{26D1BDC7-B2E8-4351-AD6B-5441F292320A}.Public Release|Any CPU.ActiveCfg = Release|Any CPU
		{26D1BDC7-B2E8-4351-AD6B-5441F292320A}.Public Release|Any CPU.Build.0 = Release|Any CPU
		{26D1BDC7-B2E8-4351-AD6B-5441F292320A}.Public Release|Mixed Platforms.ActiveCfg = Release|Any CPU
		{26D1BDC7-B2E8-4351-AD6B-5441F292320A}.Public Release|Mixed Platforms.Build.0 = Release|Any CPU
		{26D1BDC7-B2E8-4351-AD6B-5441F292320A}.Public Release|x86.ActiveCfg = Release|Any CPU
		{26D1BDC7-B2E8-4351-AD6B-5441F292320A}.Release|Any CPU.ActiveCfg = Release|Any CPU
		{26D1BDC7-B2E8-4351-AD6B-5441F292320A}.Release|Any CPU.Build.0 = Release|Any CPU
		{26D1BDC7-B2E8-4351-AD6B-5441F292320A}.Release|Mixed Platforms.ActiveCfg = Release|Any CPU
		{26D1BDC7-B2E8-4351-AD6B-5441F292320A}.Release|Mixed Platforms.Build.0 = Release|Any CPU
		{26D1BDC7-B2E8-4351-AD6B-5441F292320A}.Release|x86.ActiveCfg = Release|Any CPU
		{B9A458EF-9C12-4CCE-83B2-B759BF92F3F7}.Debug|Any CPU.ActiveCfg = Debug|Any CPU
		{B9A458EF-9C12-4CCE-83B2-B759BF92F3F7}.Debug|Any CPU.Build.0 = Debug|Any CPU
		{B9A458EF-9C12-4CCE-83B2-B759BF92F3F7}.Debug|Mixed Platforms.ActiveCfg = Debug|Any CPU
		{B9A458EF-9C12-4CCE-83B2-B759BF92F3F7}.Debug|Mixed Platforms.Build.0 = Debug|Any CPU
		{B9A458EF-9C12-4CCE-83B2-B759BF92F3F7}.Debug|x86.ActiveCfg = Debug|Any CPU
		{B9A458EF-9C12-4CCE-83B2-B759BF92F3F7}.Public Release|Any CPU.ActiveCfg = Release|Any CPU
		{B9A458EF-9C12-4CCE-83B2-B759BF92F3F7}.Public Release|Any CPU.Build.0 = Release|Any CPU
		{B9A458EF-9C12-4CCE-83B2-B759BF92F3F7}.Public Release|Mixed Platforms.ActiveCfg = Release|Any CPU
		{B9A458EF-9C12-4CCE-83B2-B759BF92F3F7}.Public Release|Mixed Platforms.Build.0 = Release|Any CPU
		{B9A458EF-9C12-4CCE-83B2-B759BF92F3F7}.Public Release|x86.ActiveCfg = Release|Any CPU
		{B9A458EF-9C12-4CCE-83B2-B759BF92F3F7}.Release|Any CPU.ActiveCfg = Release|Any CPU
		{B9A458EF-9C12-4CCE-83B2-B759BF92F3F7}.Release|Any CPU.Build.0 = Release|Any CPU
		{B9A458EF-9C12-4CCE-83B2-B759BF92F3F7}.Release|Mixed Platforms.ActiveCfg = Release|Any CPU
		{B9A458EF-9C12-4CCE-83B2-B759BF92F3F7}.Release|Mixed Platforms.Build.0 = Release|Any CPU
		{B9A458EF-9C12-4CCE-83B2-B759BF92F3F7}.Release|x86.ActiveCfg = Release|Any CPU
		{D674CCFA-3D37-4BE7-AED7-C11EE72C0E92}.Debug|Any CPU.ActiveCfg = Debug|Any CPU
		{D674CCFA-3D37-4BE7-AED7-C11EE72C0E92}.Debug|Any CPU.Build.0 = Debug|Any CPU
		{D674CCFA-3D37-4BE7-AED7-C11EE72C0E92}.Debug|Mixed Platforms.ActiveCfg = Debug|Any CPU
		{D674CCFA-3D37-4BE7-AED7-C11EE72C0E92}.Debug|Mixed Platforms.Build.0 = Debug|Any CPU
		{D674CCFA-3D37-4BE7-AED7-C11EE72C0E92}.Debug|x86.ActiveCfg = Debug|Any CPU
		{D674CCFA-3D37-4BE7-AED7-C11EE72C0E92}.Public Release|Any CPU.ActiveCfg = Release|Any CPU
		{D674CCFA-3D37-4BE7-AED7-C11EE72C0E92}.Public Release|Any CPU.Build.0 = Release|Any CPU
		{D674CCFA-3D37-4BE7-AED7-C11EE72C0E92}.Public Release|Mixed Platforms.ActiveCfg = Release|Any CPU
		{D674CCFA-3D37-4BE7-AED7-C11EE72C0E92}.Public Release|Mixed Platforms.Build.0 = Release|Any CPU
		{D674CCFA-3D37-4BE7-AED7-C11EE72C0E92}.Public Release|x86.ActiveCfg = Release|Any CPU
		{D674CCFA-3D37-4BE7-AED7-C11EE72C0E92}.Release|Any CPU.ActiveCfg = Release|Any CPU
		{D674CCFA-3D37-4BE7-AED7-C11EE72C0E92}.Release|Any CPU.Build.0 = Release|Any CPU
		{D674CCFA-3D37-4BE7-AED7-C11EE72C0E92}.Release|Mixed Platforms.ActiveCfg = Release|Any CPU
		{D674CCFA-3D37-4BE7-AED7-C11EE72C0E92}.Release|Mixed Platforms.Build.0 = Release|Any CPU
		{D674CCFA-3D37-4BE7-AED7-C11EE72C0E92}.Release|x86.ActiveCfg = Release|Any CPU
		{62E779EB-4AC3-4210-8E34-3C45B6FA0329}.Debug|Any CPU.ActiveCfg = Debug|Any CPU
		{62E779EB-4AC3-4210-8E34-3C45B6FA0329}.Debug|Any CPU.Build.0 = Debug|Any CPU
		{62E779EB-4AC3-4210-8E34-3C45B6FA0329}.Debug|Mixed Platforms.ActiveCfg = Debug|Any CPU
		{62E779EB-4AC3-4210-8E34-3C45B6FA0329}.Debug|Mixed Platforms.Build.0 = Debug|Any CPU
		{62E779EB-4AC3-4210-8E34-3C45B6FA0329}.Debug|x86.ActiveCfg = Debug|Any CPU
		{62E779EB-4AC3-4210-8E34-3C45B6FA0329}.Public Release|Any CPU.ActiveCfg = Release|Any CPU
		{62E779EB-4AC3-4210-8E34-3C45B6FA0329}.Public Release|Any CPU.Build.0 = Release|Any CPU
		{62E779EB-4AC3-4210-8E34-3C45B6FA0329}.Public Release|Mixed Platforms.ActiveCfg = Release|Any CPU
		{62E779EB-4AC3-4210-8E34-3C45B6FA0329}.Public Release|Mixed Platforms.Build.0 = Release|Any CPU
		{62E779EB-4AC3-4210-8E34-3C45B6FA0329}.Public Release|x86.ActiveCfg = Release|Any CPU
		{62E779EB-4AC3-4210-8E34-3C45B6FA0329}.Release|Any CPU.ActiveCfg = Release|Any CPU
		{62E779EB-4AC3-4210-8E34-3C45B6FA0329}.Release|Any CPU.Build.0 = Release|Any CPU
		{62E779EB-4AC3-4210-8E34-3C45B6FA0329}.Release|Mixed Platforms.ActiveCfg = Release|Any CPU
		{62E779EB-4AC3-4210-8E34-3C45B6FA0329}.Release|Mixed Platforms.Build.0 = Release|Any CPU
		{62E779EB-4AC3-4210-8E34-3C45B6FA0329}.Release|x86.ActiveCfg = Release|Any CPU
		{AC6B8CF0-972F-4F08-AA20-6490D18955F9}.Debug|Any CPU.ActiveCfg = Debug|Any CPU
		{AC6B8CF0-972F-4F08-AA20-6490D18955F9}.Debug|Any CPU.Build.0 = Debug|Any CPU
		{AC6B8CF0-972F-4F08-AA20-6490D18955F9}.Debug|Mixed Platforms.ActiveCfg = Debug|Any CPU
		{AC6B8CF0-972F-4F08-AA20-6490D18955F9}.Debug|Mixed Platforms.Build.0 = Debug|Any CPU
		{AC6B8CF0-972F-4F08-AA20-6490D18955F9}.Debug|x86.ActiveCfg = Debug|Any CPU
		{AC6B8CF0-972F-4F08-AA20-6490D18955F9}.Public Release|Any CPU.ActiveCfg = Release|Any CPU
		{AC6B8CF0-972F-4F08-AA20-6490D18955F9}.Public Release|Any CPU.Build.0 = Release|Any CPU
		{AC6B8CF0-972F-4F08-AA20-6490D18955F9}.Public Release|Mixed Platforms.ActiveCfg = Release|Any CPU
		{AC6B8CF0-972F-4F08-AA20-6490D18955F9}.Public Release|Mixed Platforms.Build.0 = Release|Any CPU
		{AC6B8CF0-972F-4F08-AA20-6490D18955F9}.Public Release|x86.ActiveCfg = Release|Any CPU
		{AC6B8CF0-972F-4F08-AA20-6490D18955F9}.Release|Any CPU.ActiveCfg = Release|Any CPU
		{AC6B8CF0-972F-4F08-AA20-6490D18955F9}.Release|Any CPU.Build.0 = Release|Any CPU
		{AC6B8CF0-972F-4F08-AA20-6490D18955F9}.Release|Mixed Platforms.ActiveCfg = Release|Any CPU
		{AC6B8CF0-972F-4F08-AA20-6490D18955F9}.Release|Mixed Platforms.Build.0 = Release|Any CPU
		{AC6B8CF0-972F-4F08-AA20-6490D18955F9}.Release|x86.ActiveCfg = Release|Any CPU
		{0DD5B931-0066-4EF4-8196-4CA91C5BF95D}.Debug|Any CPU.ActiveCfg = Debug|Any CPU
		{0DD5B931-0066-4EF4-8196-4CA91C5BF95D}.Debug|Any CPU.Build.0 = Debug|Any CPU
		{0DD5B931-0066-4EF4-8196-4CA91C5BF95D}.Debug|Mixed Platforms.ActiveCfg = Debug|Any CPU
		{0DD5B931-0066-4EF4-8196-4CA91C5BF95D}.Debug|Mixed Platforms.Build.0 = Debug|Any CPU
		{0DD5B931-0066-4EF4-8196-4CA91C5BF95D}.Debug|x86.ActiveCfg = Debug|Any CPU
		{0DD5B931-0066-4EF4-8196-4CA91C5BF95D}.Public Release|Any CPU.ActiveCfg = Release|Any CPU
		{0DD5B931-0066-4EF4-8196-4CA91C5BF95D}.Public Release|Any CPU.Build.0 = Release|Any CPU
		{0DD5B931-0066-4EF4-8196-4CA91C5BF95D}.Public Release|Mixed Platforms.ActiveCfg = Release|Any CPU
		{0DD5B931-0066-4EF4-8196-4CA91C5BF95D}.Public Release|Mixed Platforms.Build.0 = Release|Any CPU
		{0DD5B931-0066-4EF4-8196-4CA91C5BF95D}.Public Release|x86.ActiveCfg = Release|Any CPU
		{0DD5B931-0066-4EF4-8196-4CA91C5BF95D}.Release|Any CPU.ActiveCfg = Release|Any CPU
		{0DD5B931-0066-4EF4-8196-4CA91C5BF95D}.Release|Any CPU.Build.0 = Release|Any CPU
		{0DD5B931-0066-4EF4-8196-4CA91C5BF95D}.Release|Mixed Platforms.ActiveCfg = Release|Any CPU
		{0DD5B931-0066-4EF4-8196-4CA91C5BF95D}.Release|Mixed Platforms.Build.0 = Release|Any CPU
		{0DD5B931-0066-4EF4-8196-4CA91C5BF95D}.Release|x86.ActiveCfg = Release|Any CPU
	EndGlobalSection
	GlobalSection(SolutionProperties) = preSolution
		HideSolutionNode = FALSE
	EndGlobalSection
	GlobalSection(NestedProjects) = preSolution
		{C81ED175-3CEA-4396-9774-A255353474A0} = {CF418619-7942-4E44-A625-192FEA532693}
		{62E779EB-4AC3-4210-8E34-3C45B6FA0329} = {CA8AB7FC-D23A-4461-88CA-657C417AD4E8}
		{AC6B8CF0-972F-4F08-AA20-6490D18955F9} = {CA8AB7FC-D23A-4461-88CA-657C417AD4E8}
		{0DD5B931-0066-4EF4-8196-4CA91C5BF95D} = {CA8AB7FC-D23A-4461-88CA-657C417AD4E8}
	EndGlobalSection
EndGlobal
